
Microsoft Visual Studio Solution File, Format Version 12.00
# Visual Studio 15
VisualStudioVersion = 15.0.26124.0
MinimumVisualStudioVersion = 15.0.26124.0
Project("{FAE04EC0-301F-11D3-BF4B-00C04F79EFBC}") = "Cylenium", "Cylenium\Cylenium.csproj", "{587F57AE-F89F-45A6-A261-F1F679E6AE19}"
EndProject
Project("{FAE04EC0-301F-11D3-BF4B-00C04F79EFBC}") = "Cylenium.Tests", "Cylenium.Tests\Cylenium.Tests.csproj", "{A93CBDFD-0BCF-4EF8-937E-D73C29B4320B}"
EndProject
Global
	GlobalSection(SolutionConfigurationPlatforms) = preSolution
		Debug|Any CPU = Debug|Any CPU
		Debug|x64 = Debug|x64
		Debug|x86 = Debug|x86
		Release|Any CPU = Release|Any CPU
		Release|x64 = Release|x64
		Release|x86 = Release|x86
	EndGlobalSection
	GlobalSection(SolutionProperties) = preSolution
		HideSolutionNode = FALSE
	EndGlobalSection
	GlobalSection(ProjectConfigurationPlatforms) = postSolution
		{587F57AE-F89F-45A6-A261-F1F679E6AE19}.Debug|Any CPU.ActiveCfg = Debug|Any CPU
		{587F57AE-F89F-45A6-A261-F1F679E6AE19}.Debug|Any CPU.Build.0 = Debug|Any CPU
		{587F57AE-F89F-45A6-A261-F1F679E6AE19}.Debug|x64.ActiveCfg = Debug|Any CPU
		{587F57AE-F89F-45A6-A261-F1F679E6AE19}.Debug|x64.Build.0 = Debug|Any CPU
		{587F57AE-F89F-45A6-A261-F1F679E6AE19}.Debug|x86.ActiveCfg = Debug|Any CPU
		{587F57AE-F89F-45A6-A261-F1F679E6AE19}.Debug|x86.Build.0 = Debug|Any CPU
		{587F57AE-F89F-45A6-A261-F1F679E6AE19}.Release|Any CPU.ActiveCfg = Release|Any CPU
		{587F57AE-F89F-45A6-A261-F1F679E6AE19}.Release|Any CPU.Build.0 = Release|Any CPU
		{587F57AE-F89F-45A6-A261-F1F679E6AE19}.Release|x64.ActiveCfg = Release|Any CPU
		{587F57AE-F89F-45A6-A261-F1F679E6AE19}.Release|x64.Build.0 = Release|Any CPU
		{587F57AE-F89F-45A6-A261-F1F679E6AE19}.Release|x86.ActiveCfg = Release|Any CPU
		{587F57AE-F89F-45A6-A261-F1F679E6AE19}.Release|x86.Build.0 = Release|Any CPU
		{A93CBDFD-0BCF-4EF8-937E-D73C29B4320B}.Debug|Any CPU.ActiveCfg = Debug|Any CPU
		{A93CBDFD-0BCF-4EF8-937E-D73C29B4320B}.Debug|Any CPU.Build.0 = Debug|Any CPU
		{A93CBDFD-0BCF-4EF8-937E-D73C29B4320B}.Debug|x64.ActiveCfg = Debug|Any CPU
		{A93CBDFD-0BCF-4EF8-937E-D73C29B4320B}.Debug|x64.Build.0 = Debug|Any CPU
		{A93CBDFD-0BCF-4EF8-937E-D73C29B4320B}.Debug|x86.ActiveCfg = Debug|Any CPU
		{A93CBDFD-0BCF-4EF8-937E-D73C29B4320B}.Debug|x86.Build.0 = Debug|Any CPU
		{A93CBDFD-0BCF-4EF8-937E-D73C29B4320B}.Release|Any CPU.ActiveCfg = Release|Any CPU
		{A93CBDFD-0BCF-4EF8-937E-D73C29B4320B}.Release|Any CPU.Build.0 = Release|Any CPU
		{A93CBDFD-0BCF-4EF8-937E-D73C29B4320B}.Release|x64.ActiveCfg = Release|Any CPU
		{A93CBDFD-0BCF-4EF8-937E-D73C29B4320B}.Release|x64.Build.0 = Release|Any CPU
		{A93CBDFD-0BCF-4EF8-937E-D73C29B4320B}.Release|x86.ActiveCfg = Release|Any CPU
		{A93CBDFD-0BCF-4EF8-937E-D73C29B4320B}.Release|x86.Build.0 = Release|Any CPU
	EndGlobalSection
EndGlobal
